
Microsoft Visual Studio Solution File, Format Version 12.00
# Visual Studio Version 17
VisualStudioVersion = 17.8.34330.188
MinimumVisualStudioVersion = 10.0.40219.1
Project("{FAE04EC0-301F-11D3-BF4B-00C04F79EFBC}") = "EmlakciApp1", "EmlakciApp1.csproj", "{1174EFF8-D3C6-4786-858A-DAE0B5DDB8E7}"
EndProject
Global
	GlobalSection(SolutionConfigurationPlatforms) = preSolution
		Debug|Any CPU = Debug|Any CPU
		Release|Any CPU = Release|Any CPU
	EndGlobalSection
	GlobalSection(ProjectConfigurationPlatforms) = postSolution
		{1174EFF8-D3C6-4786-858A-DAE0B5DDB8E7}.Debug|Any CPU.ActiveCfg = Debug|Any CPU
		{1174EFF8-D3C6-4786-858A-DAE0B5DDB8E7}.Debug|Any CPU.Build.0 = Debug|Any CPU
		{1174EFF8-D3C6-4786-858A-DAE0B5DDB8E7}.Release|Any CPU.ActiveCfg = Release|Any CPU
		{1174EFF8-D3C6-4786-858A-DAE0B5DDB8E7}.Release|Any CPU.Build.0 = Release|Any CPU
	EndGlobalSection
	GlobalSection(SolutionProperties) = preSolution
		HideSolutionNode = FALSE
	EndGlobalSection
	GlobalSection(ExtensibilityGlobals) = postSolution
		SolutionGuid = {82AE58D9-642A-4458-BC87-192B14E0D296}
	EndGlobalSection
EndGlobal
